
Microsoft Visual Studio Solution File, Format Version 12.00
# Visual Studio 15
VisualStudioVersion = 15.0.26730.12
MinimumVisualStudioVersion = 10.0.40219.1
Project("{9A19103F-16F7-4668-BE54-9A1E7A4F7556}") = "RM.Api", "RM.Api\RM.Api.csproj", "{59BAB8F8-6493-4BC1-BBE2-2018CAA9A1BE}"
EndProject
Project("{9A19103F-16F7-4668-BE54-9A1E7A4F7556}") = "RM.Data", "RM.Data\RM.Data.csproj", "{BC52A673-9858-4F42-935A-4BAAF2DA9B02}"
EndProject
Project("{FAE04EC0-301F-11D3-BF4B-00C04F79EFBC}") = "RM.Auth", "RM.Auth\RM.Auth.csproj", "{A675F918-0CCD-4789-8970-2C8AB7CE7F1D}"
EndProject
Project("{2150E333-8FDC-42A3-9474-1A3956D46DE8}") = "Solution Items", "Solution Items", "{A4997E10-EF3D-449F-90BD-7E4FC02B232C}"
	ProjectSection(SolutionItems) = preProject
		Readme.Txt = Readme.Txt
	EndProjectSection
EndProject
Project("{9A19103F-16F7-4668-BE54-9A1E7A4F7556}") = "RM.AuthServer", "RM.AuthServer\RM.AuthServer.csproj", "{495C2408-1DEE-4E2B-8DD7-F8A47F913B0A}"
EndProject
Project("{9A19103F-16F7-4668-BE54-9A1E7A4F7556}") = "RM.AuthServer.Client", "RM.AuthServer.Client\RM.AuthServer.Client.csproj", "{27860AEE-248D-4E1E-A56E-05C03EC8BF8B}"
EndProject
Project("{FAE04EC0-301F-11D3-BF4B-00C04F79EFBC}") = "RM.Data.Repository.Contract", "RM.Data.Repository.Contract\RM.Data.Repository.Contract.csproj", "{18045047-3819-4AE2-81F1-EDF52F4398F1}"
EndProject
Project("{FAE04EC0-301F-11D3-BF4B-00C04F79EFBC}") = "RM.Data.Repository", "RM.Data.Repository\RM.Data.Repository.csproj", "{7F45B5BB-9A74-446E-A7E2-DBD7EB552A6B}"
EndProject
Project("{FAE04EC0-301F-11D3-BF4B-00C04F79EFBC}") = "RM.Api.Tests", "RM.Api.Tests\RM.Api.Tests.csproj", "{BE73306F-968C-49BB-8D6F-CBCBB2AD5824}"
EndProject
Global
	GlobalSection(SolutionConfigurationPlatforms) = preSolution
		Debug|Any CPU = Debug|Any CPU
		Release|Any CPU = Release|Any CPU
	EndGlobalSection
	GlobalSection(ProjectConfigurationPlatforms) = postSolution
		{59BAB8F8-6493-4BC1-BBE2-2018CAA9A1BE}.Debug|Any CPU.ActiveCfg = Debug|Any CPU
		{59BAB8F8-6493-4BC1-BBE2-2018CAA9A1BE}.Debug|Any CPU.Build.0 = Debug|Any CPU
		{59BAB8F8-6493-4BC1-BBE2-2018CAA9A1BE}.Release|Any CPU.ActiveCfg = Release|Any CPU
		{59BAB8F8-6493-4BC1-BBE2-2018CAA9A1BE}.Release|Any CPU.Build.0 = Release|Any CPU
		{BC52A673-9858-4F42-935A-4BAAF2DA9B02}.Debug|Any CPU.ActiveCfg = Debug|Any CPU
		{BC52A673-9858-4F42-935A-4BAAF2DA9B02}.Debug|Any CPU.Build.0 = Debug|Any CPU
		{BC52A673-9858-4F42-935A-4BAAF2DA9B02}.Release|Any CPU.ActiveCfg = Release|Any CPU
		{BC52A673-9858-4F42-935A-4BAAF2DA9B02}.Release|Any CPU.Build.0 = Release|Any CPU
		{A675F918-0CCD-4789-8970-2C8AB7CE7F1D}.Debug|Any CPU.ActiveCfg = Debug|Any CPU
		{A675F918-0CCD-4789-8970-2C8AB7CE7F1D}.Debug|Any CPU.Build.0 = Debug|Any CPU
		{A675F918-0CCD-4789-8970-2C8AB7CE7F1D}.Release|Any CPU.ActiveCfg = Release|Any CPU
		{A675F918-0CCD-4789-8970-2C8AB7CE7F1D}.Release|Any CPU.Build.0 = Release|Any CPU
		{495C2408-1DEE-4E2B-8DD7-F8A47F913B0A}.Debug|Any CPU.ActiveCfg = Debug|Any CPU
		{495C2408-1DEE-4E2B-8DD7-F8A47F913B0A}.Debug|Any CPU.Build.0 = Debug|Any CPU
		{495C2408-1DEE-4E2B-8DD7-F8A47F913B0A}.Release|Any CPU.ActiveCfg = Release|Any CPU
		{495C2408-1DEE-4E2B-8DD7-F8A47F913B0A}.Release|Any CPU.Build.0 = Release|Any CPU
		{27860AEE-248D-4E1E-A56E-05C03EC8BF8B}.Debug|Any CPU.ActiveCfg = Debug|Any CPU
		{27860AEE-248D-4E1E-A56E-05C03EC8BF8B}.Debug|Any CPU.Build.0 = Debug|Any CPU
		{27860AEE-248D-4E1E-A56E-05C03EC8BF8B}.Release|Any CPU.ActiveCfg = Release|Any CPU
		{27860AEE-248D-4E1E-A56E-05C03EC8BF8B}.Release|Any CPU.Build.0 = Release|Any CPU
		{18045047-3819-4AE2-81F1-EDF52F4398F1}.Debug|Any CPU.ActiveCfg = Debug|Any CPU
		{18045047-3819-4AE2-81F1-EDF52F4398F1}.Debug|Any CPU.Build.0 = Debug|Any CPU
		{18045047-3819-4AE2-81F1-EDF52F4398F1}.Release|Any CPU.ActiveCfg = Release|Any CPU
		{18045047-3819-4AE2-81F1-EDF52F4398F1}.Release|Any CPU.Build.0 = Release|Any CPU
		{7F45B5BB-9A74-446E-A7E2-DBD7EB552A6B}.Debug|Any CPU.ActiveCfg = Debug|Any CPU
		{7F45B5BB-9A74-446E-A7E2-DBD7EB552A6B}.Debug|Any CPU.Build.0 = Debug|Any CPU
		{7F45B5BB-9A74-446E-A7E2-DBD7EB552A6B}.Release|Any CPU.ActiveCfg = Release|Any CPU
		{7F45B5BB-9A74-446E-A7E2-DBD7EB552A6B}.Release|Any CPU.Build.0 = Release|Any CPU
		{BE73306F-968C-49BB-8D6F-CBCBB2AD5824}.Debug|Any CPU.ActiveCfg = Debug|Any CPU
		{BE73306F-968C-49BB-8D6F-CBCBB2AD5824}.Debug|Any CPU.Build.0 = Debug|Any CPU
		{BE73306F-968C-49BB-8D6F-CBCBB2AD5824}.Release|Any CPU.ActiveCfg = Release|Any CPU
		{BE73306F-968C-49BB-8D6F-CBCBB2AD5824}.Release|Any CPU.Build.0 = Release|Any CPU
	EndGlobalSection
	GlobalSection(SolutionProperties) = preSolution
		HideSolutionNode = FALSE
	EndGlobalSection
	GlobalSection(ExtensibilityGlobals) = postSolution
		SolutionGuid = {41A021D7-FABD-4EB9-A49A-F3A338515595}
	EndGlobalSection
EndGlobal
